// !$*UTF8*$!
{
	archiveVersion = 1;
	classes = {
	};
	objectVersion = 46;
	objects = {

/* Begin PBXBuildFile section */
		D7026AE51C208EDA00C14DEF /* CAPSPageMenu.swift in Sources */ = {isa = PBXBuildFile; fileRef = D7026AE41C208EDA00C14DEF /* CAPSPageMenu.swift */; };
		D7026AE81C2090AF00C14DEF /* GoodsCollectionViewController.swift in Sources */ = {isa = PBXBuildFile; fileRef = D7026AE61C2090AF00C14DEF /* GoodsCollectionViewController.swift */; };
		D707A9981C23486800BF1771 /* CAPSPageMenu+Extension.swift in Sources */ = {isa = PBXBuildFile; fileRef = D707A9971C23486800BF1771 /* CAPSPageMenu+Extension.swift */; };
		D7112C231C22C72900BFE40D /* String+Extensition.swift in Sources */ = {isa = PBXBuildFile; fileRef = D7112C221C22C72900BFE40D /* String+Extensition.swift */; };
		D731DEA01C211F0F000F3A24 /* GoodsCollectionView.swift in Sources */ = {isa = PBXBuildFile; fileRef = D731DE9F1C211F0F000F3A24 /* GoodsCollectionView.swift */; };
		D761DD3F1C21D0C6008C09CB /* UIColor+Extension.swift in Sources */ = {isa = PBXBuildFile; fileRef = D761DD3E1C21D0C6008C09CB /* UIColor+Extension.swift */; };
		D77910071C251B04001F288B /* User.swift in Sources */ = {isa = PBXBuildFile; fileRef = D77910061C251B04001F288B /* User.swift */; };
		D77910091C251C69001F288B /* LoginView.swift in Sources */ = {isa = PBXBuildFile; fileRef = D77910081C251C69001F288B /* LoginView.swift */; };
		D779100B1C251CA0001F288B /* LoginView.xib in Resources */ = {isa = PBXBuildFile; fileRef = D779100A1C251CA0001F288B /* LoginView.xib */; };
		D77910561C2563FA001F288B /* SubGoods.storyboard in Resources */ = {isa = PBXBuildFile; fileRef = D77910551C2563FA001F288B /* SubGoods.storyboard */; };
		D77910581C25B8CB001F288B /* UIView+Extension.swift in Sources */ = {isa = PBXBuildFile; fileRef = D77910571C25B8CB001F288B /* UIView+Extension.swift */; };
		D779105A1C25CD45001F288B /* LoginViewForm.swift in Sources */ = {isa = PBXBuildFile; fileRef = D77910591C25CD45001F288B /* LoginViewForm.swift */; };
		D779105C1C25CD69001F288B /* SignUpViewForm.swift in Sources */ = {isa = PBXBuildFile; fileRef = D779105B1C25CD69001F288B /* SignUpViewForm.swift */; };
		D779105E1C25CD8C001F288B /* LoginViewForm.xib in Resources */ = {isa = PBXBuildFile; fileRef = D779105D1C25CD8C001F288B /* LoginViewForm.xib */; };
		D77910601C25CD9F001F288B /* SignUpViewForm.xib in Resources */ = {isa = PBXBuildFile; fileRef = D779105F1C25CD9F001F288B /* SignUpViewForm.xib */; };
		D77910631C25D5CF001F288B /* KeyIcon.png in Resources */ = {isa = PBXBuildFile; fileRef = D77910611C25D5CF001F288B /* KeyIcon.png */; };
		D77910641C25D5CF001F288B /* MailIcon.png in Resources */ = {isa = PBXBuildFile; fileRef = D77910621C25D5CF001F288B /* MailIcon.png */; };
		D77910661C25D5DF001F288B /* PersonIcon.png in Resources */ = {isa = PBXBuildFile; fileRef = D77910651C25D5DF001F288B /* PersonIcon.png */; };
		D79DE7381C23D73000CC1C7E /* GoodsDetailView.swift in Sources */ = {isa = PBXBuildFile; fileRef = D79DE7371C23D73000CC1C7E /* GoodsDetailView.swift */; };
		D79DE73A1C23D73D00CC1C7E /* GoodsDetailView.xib in Resources */ = {isa = PBXBuildFile; fileRef = D79DE7391C23D73D00CC1C7E /* GoodsDetailView.xib */; };
		D79DE7441C23D91D00CC1C7E /* GoodsDetailViewController.swift in Sources */ = {isa = PBXBuildFile; fileRef = D79DE7431C23D91D00CC1C7E /* GoodsDetailViewController.swift */; };
		D7A13ED01C10B2A700D1F963 /* AppDelegate.swift in Sources */ = {isa = PBXBuildFile; fileRef = D7A13ECF1C10B2A700D1F963 /* AppDelegate.swift */; };
		D7A13ED21C10B2A700D1F963 /* CategoryViewController.swift in Sources */ = {isa = PBXBuildFile; fileRef = D7A13ED11C10B2A700D1F963 /* CategoryViewController.swift */; };
		D7A13ED51C10B2A700D1F963 /* Main.storyboard in Resources */ = {isa = PBXBuildFile; fileRef = D7A13ED31C10B2A700D1F963 /* Main.storyboard */; };
		D7A13ED71C10B2A800D1F963 /* Assets.xcassets in Resources */ = {isa = PBXBuildFile; fileRef = D7A13ED61C10B2A800D1F963 /* Assets.xcassets */; };
		D7A13EDA1C10B2A800D1F963 /* LaunchScreen.storyboard in Resources */ = {isa = PBXBuildFile; fileRef = D7A13ED81C10B2A800D1F963 /* LaunchScreen.storyboard */; };
		D7A13EE51C10B2A800D1F963 /* Zaikon_iOSTests.swift in Sources */ = {isa = PBXBuildFile; fileRef = D7A13EE41C10B2A800D1F963 /* Zaikon_iOSTests.swift */; };
		D7A13EF01C10B2A800D1F963 /* Zaikon_iOSUITests.swift in Sources */ = {isa = PBXBuildFile; fileRef = D7A13EEF1C10B2A800D1F963 /* Zaikon_iOSUITests.swift */; };
		D7AF5EFA1C17E99400FC20DF /* LoginViewController.swift in Sources */ = {isa = PBXBuildFile; fileRef = D7AF5EF91C17E99400FC20DF /* LoginViewController.swift */; };
		D7AF5F001C17EE0500FC20DF /* zaikon_icon.gif in Resources */ = {isa = PBXBuildFile; fileRef = D7AF5EFF1C17EE0500FC20DF /* zaikon_icon.gif */; };
		D7B2EAA61C24BBA300BC723D /* UIImageView+Extension.swift in Sources */ = {isa = PBXBuildFile; fileRef = D7B2EAA51C24BBA300BC723D /* UIImageView+Extension.swift */; };
		D7BF08791C1C2DF3005ABDFB /* akiko.jpg in Resources */ = {isa = PBXBuildFile; fileRef = D7BF08781C1C2DF3005ABDFB /* akiko.jpg */; };
		D7D426291C15D5BA00EA6F07 /* GoodsCollectionViewCell.swift in Sources */ = {isa = PBXBuildFile; fileRef = D7D426271C15D5BA00EA6F07 /* GoodsCollectionViewCell.swift */; };
		D7F32C391C22D84100B64BB4 /* Category.swift in Sources */ = {isa = PBXBuildFile; fileRef = D7F32C381C22D84100B64BB4 /* Category.swift */; };
		D7F32C3B1C22D9CB00B64BB4 /* CustomNavagationBar.swift in Sources */ = {isa = PBXBuildFile; fileRef = D7F32C3A1C22D9CB00B64BB4 /* CustomNavagationBar.swift */; };
		D7F32C3D1C22DB4A00B64BB4 /* Goods.swift in Sources */ = {isa = PBXBuildFile; fileRef = D7F32C3C1C22DB4A00B64BB4 /* Goods.swift */; };
		D7F32C411C22E6D500B64BB4 /* CategoryStocks.swift in Sources */ = {isa = PBXBuildFile; fileRef = D7F32C401C22E6D500B64BB4 /* CategoryStocks.swift */; };
		E4B7893046E7C97AB877B3F5 /* Pods_Zaikon_iOS.framework in Frameworks */ = {isa = PBXBuildFile; fileRef = 1BE6468DECABD2921CEAB7B9 /* Pods_Zaikon_iOS.framework */; };
/* End PBXBuildFile section */

/* Begin PBXContainerItemProxy section */
		D7A13EE11C10B2A800D1F963 /* PBXContainerItemProxy */ = {
			isa = PBXContainerItemProxy;
			containerPortal = D7A13EC41C10B2A700D1F963 /* Project object */;
			proxyType = 1;
			remoteGlobalIDString = D7A13ECB1C10B2A700D1F963;
			remoteInfo = Zaikon_iOS;
		};
		D7A13EEC1C10B2A800D1F963 /* PBXContainerItemProxy */ = {
			isa = PBXContainerItemProxy;
			containerPortal = D7A13EC41C10B2A700D1F963 /* Project object */;
			proxyType = 1;
			remoteGlobalIDString = D7A13ECB1C10B2A700D1F963;
			remoteInfo = Zaikon_iOS;
		};
/* End PBXContainerItemProxy section */

/* Begin PBXFileReference section */
		1AB8AF4184292E1D04BEDC74 /* Pods-Zaikon_iOS.release.xcconfig */ = {isa = PBXFileReference; includeInIndex = 1; lastKnownFileType = text.xcconfig; name = "Pods-Zaikon_iOS.release.xcconfig"; path = "Pods/Target Support Files/Pods-Zaikon_iOS/Pods-Zaikon_iOS.release.xcconfig"; sourceTree = "<group>"; };
		1BE6468DECABD2921CEAB7B9 /* Pods_Zaikon_iOS.framework */ = {isa = PBXFileReference; explicitFileType = wrapper.framework; includeInIndex = 0; path = Pods_Zaikon_iOS.framework; sourceTree = BUILT_PRODUCTS_DIR; };
		D7026AE41C208EDA00C14DEF /* CAPSPageMenu.swift */ = {isa = PBXFileReference; fileEncoding = 4; lastKnownFileType = sourcecode.swift; path = CAPSPageMenu.swift; sourceTree = "<group>"; };
		D7026AE61C2090AF00C14DEF /* GoodsCollectionViewController.swift */ = {isa = PBXFileReference; fileEncoding = 4; lastKnownFileType = sourcecode.swift; path = GoodsCollectionViewController.swift; sourceTree = "<group>"; };
		D707A9971C23486800BF1771 /* CAPSPageMenu+Extension.swift */ = {isa = PBXFileReference; fileEncoding = 4; lastKnownFileType = sourcecode.swift; path = "CAPSPageMenu+Extension.swift"; sourceTree = "<group>"; };
		D7112C221C22C72900BFE40D /* String+Extensition.swift */ = {isa = PBXFileReference; fileEncoding = 4; lastKnownFileType = sourcecode.swift; path = "String+Extensition.swift"; sourceTree = "<group>"; };
		D731DE9F1C211F0F000F3A24 /* GoodsCollectionView.swift */ = {isa = PBXFileReference; fileEncoding = 4; lastKnownFileType = sourcecode.swift; path = GoodsCollectionView.swift; sourceTree = "<group>"; };
		D761DD3E1C21D0C6008C09CB /* UIColor+Extension.swift */ = {isa = PBXFileReference; fileEncoding = 4; lastKnownFileType = sourcecode.swift; path = "UIColor+Extension.swift"; sourceTree = "<group>"; };
		D77910061C251B04001F288B /* User.swift */ = {isa = PBXFileReference; fileEncoding = 4; lastKnownFileType = sourcecode.swift; path = User.swift; sourceTree = "<group>"; };
		D77910081C251C69001F288B /* LoginView.swift */ = {isa = PBXFileReference; fileEncoding = 4; lastKnownFileType = sourcecode.swift; path = LoginView.swift; sourceTree = "<group>"; };
		D779100A1C251CA0001F288B /* LoginView.xib */ = {isa = PBXFileReference; fileEncoding = 4; lastKnownFileType = file.xib; path = LoginView.xib; sourceTree = "<group>"; };
		D77910551C2563FA001F288B /* SubGoods.storyboard */ = {isa = PBXFileReference; fileEncoding = 4; lastKnownFileType = file.storyboard; path = SubGoods.storyboard; sourceTree = "<group>"; };
		D77910571C25B8CB001F288B /* UIView+Extension.swift */ = {isa = PBXFileReference; fileEncoding = 4; lastKnownFileType = sourcecode.swift; path = "UIView+Extension.swift"; sourceTree = "<group>"; };
		D77910591C25CD45001F288B /* LoginViewForm.swift */ = {isa = PBXFileReference; fileEncoding = 4; lastKnownFileType = sourcecode.swift; path = LoginViewForm.swift; sourceTree = "<group>"; };
		D779105B1C25CD69001F288B /* SignUpViewForm.swift */ = {isa = PBXFileReference; fileEncoding = 4; lastKnownFileType = sourcecode.swift; path = SignUpViewForm.swift; sourceTree = "<group>"; };
		D779105D1C25CD8C001F288B /* LoginViewForm.xib */ = {isa = PBXFileReference; fileEncoding = 4; lastKnownFileType = file.xib; path = LoginViewForm.xib; sourceTree = "<group>"; };
		D779105F1C25CD9F001F288B /* SignUpViewForm.xib */ = {isa = PBXFileReference; fileEncoding = 4; lastKnownFileType = file.xib; path = SignUpViewForm.xib; sourceTree = "<group>"; };
		D77910611C25D5CF001F288B /* KeyIcon.png */ = {isa = PBXFileReference; lastKnownFileType = image.png; path = KeyIcon.png; sourceTree = "<group>"; };
		D77910621C25D5CF001F288B /* MailIcon.png */ = {isa = PBXFileReference; lastKnownFileType = image.png; path = MailIcon.png; sourceTree = "<group>"; };
		D77910651C25D5DF001F288B /* PersonIcon.png */ = {isa = PBXFileReference; lastKnownFileType = image.png; path = PersonIcon.png; sourceTree = "<group>"; };
		D79DE7371C23D73000CC1C7E /* GoodsDetailView.swift */ = {isa = PBXFileReference; fileEncoding = 4; lastKnownFileType = sourcecode.swift; path = GoodsDetailView.swift; sourceTree = "<group>"; };
		D79DE7391C23D73D00CC1C7E /* GoodsDetailView.xib */ = {isa = PBXFileReference; fileEncoding = 4; lastKnownFileType = file.xib; path = GoodsDetailView.xib; sourceTree = "<group>"; };
		D79DE7431C23D91D00CC1C7E /* GoodsDetailViewController.swift */ = {isa = PBXFileReference; fileEncoding = 4; lastKnownFileType = sourcecode.swift; path = GoodsDetailViewController.swift; sourceTree = "<group>"; };
		D7A13ECC1C10B2A700D1F963 /* Zaikon_iOS.app */ = {isa = PBXFileReference; explicitFileType = wrapper.application; includeInIndex = 0; path = Zaikon_iOS.app; sourceTree = BUILT_PRODUCTS_DIR; };
		D7A13ECF1C10B2A700D1F963 /* AppDelegate.swift */ = {isa = PBXFileReference; lastKnownFileType = sourcecode.swift; path = AppDelegate.swift; sourceTree = "<group>"; };
		D7A13ED11C10B2A700D1F963 /* CategoryViewController.swift */ = {isa = PBXFileReference; lastKnownFileType = sourcecode.swift; path = CategoryViewController.swift; sourceTree = "<group>"; };
		D7A13ED41C10B2A700D1F963 /* Base */ = {isa = PBXFileReference; lastKnownFileType = file.storyboard; name = Base; path = Base.lproj/Main.storyboard; sourceTree = "<group>"; };
		D7A13ED61C10B2A800D1F963 /* Assets.xcassets */ = {isa = PBXFileReference; lastKnownFileType = folder.assetcatalog; path = Assets.xcassets; sourceTree = "<group>"; };
		D7A13ED91C10B2A800D1F963 /* Base */ = {isa = PBXFileReference; lastKnownFileType = file.storyboard; name = Base; path = Base.lproj/LaunchScreen.storyboard; sourceTree = "<group>"; };
		D7A13EDB1C10B2A800D1F963 /* Info.plist */ = {isa = PBXFileReference; lastKnownFileType = text.plist.xml; path = Info.plist; sourceTree = "<group>"; };
		D7A13EE01C10B2A800D1F963 /* Zaikon_iOSTests.xctest */ = {isa = PBXFileReference; explicitFileType = wrapper.cfbundle; includeInIndex = 0; path = Zaikon_iOSTests.xctest; sourceTree = BUILT_PRODUCTS_DIR; };
		D7A13EE41C10B2A800D1F963 /* Zaikon_iOSTests.swift */ = {isa = PBXFileReference; lastKnownFileType = sourcecode.swift; path = Zaikon_iOSTests.swift; sourceTree = "<group>"; };
		D7A13EE61C10B2A800D1F963 /* Info.plist */ = {isa = PBXFileReference; lastKnownFileType = text.plist.xml; path = Info.plist; sourceTree = "<group>"; };
		D7A13EEB1C10B2A800D1F963 /* Zaikon_iOSUITests.xctest */ = {isa = PBXFileReference; explicitFileType = wrapper.cfbundle; includeInIndex = 0; path = Zaikon_iOSUITests.xctest; sourceTree = BUILT_PRODUCTS_DIR; };
		D7A13EEF1C10B2A800D1F963 /* Zaikon_iOSUITests.swift */ = {isa = PBXFileReference; lastKnownFileType = sourcecode.swift; path = Zaikon_iOSUITests.swift; sourceTree = "<group>"; };
		D7A13EF11C10B2A800D1F963 /* Info.plist */ = {isa = PBXFileReference; lastKnownFileType = text.plist.xml; path = Info.plist; sourceTree = "<group>"; };
		D7AF5EF91C17E99400FC20DF /* LoginViewController.swift */ = {isa = PBXFileReference; fileEncoding = 4; lastKnownFileType = sourcecode.swift; path = LoginViewController.swift; sourceTree = "<group>"; };
		D7AF5EFF1C17EE0500FC20DF /* zaikon_icon.gif */ = {isa = PBXFileReference; lastKnownFileType = image.gif; path = zaikon_icon.gif; sourceTree = "<group>"; };
		D7B2EAA51C24BBA300BC723D /* UIImageView+Extension.swift */ = {isa = PBXFileReference; fileEncoding = 4; lastKnownFileType = sourcecode.swift; path = "UIImageView+Extension.swift"; sourceTree = "<group>"; };
		D7BF08781C1C2DF3005ABDFB /* akiko.jpg */ = {isa = PBXFileReference; lastKnownFileType = image.jpeg; path = akiko.jpg; sourceTree = "<group>"; };
		D7D426271C15D5BA00EA6F07 /* GoodsCollectionViewCell.swift */ = {isa = PBXFileReference; fileEncoding = 4; lastKnownFileType = sourcecode.swift; path = GoodsCollectionViewCell.swift; sourceTree = "<group>"; };
		D7F32C381C22D84100B64BB4 /* Category.swift */ = {isa = PBXFileReference; fileEncoding = 4; lastKnownFileType = sourcecode.swift; path = Category.swift; sourceTree = "<group>"; };
		D7F32C3A1C22D9CB00B64BB4 /* CustomNavagationBar.swift */ = {isa = PBXFileReference; fileEncoding = 4; lastKnownFileType = sourcecode.swift; path = CustomNavagationBar.swift; sourceTree = "<group>"; };
		D7F32C3C1C22DB4A00B64BB4 /* Goods.swift */ = {isa = PBXFileReference; fileEncoding = 4; lastKnownFileType = sourcecode.swift; path = Goods.swift; sourceTree = "<group>"; };
		D7F32C401C22E6D500B64BB4 /* CategoryStocks.swift */ = {isa = PBXFileReference; fileEncoding = 4; lastKnownFileType = sourcecode.swift; path = CategoryStocks.swift; sourceTree = "<group>"; };
		FFEDAB4FBA6853B5EC919281 /* Pods-Zaikon_iOS.debug.xcconfig */ = {isa = PBXFileReference; includeInIndex = 1; lastKnownFileType = text.xcconfig; name = "Pods-Zaikon_iOS.debug.xcconfig"; path = "Pods/Target Support Files/Pods-Zaikon_iOS/Pods-Zaikon_iOS.debug.xcconfig"; sourceTree = "<group>"; };
/* End PBXFileReference section */

/* Begin PBXFrameworksBuildPhase section */
		D7A13EC91C10B2A700D1F963 /* Frameworks */ = {
			isa = PBXFrameworksBuildPhase;
			buildActionMask = 2147483647;
			files = (
				E4B7893046E7C97AB877B3F5 /* Pods_Zaikon_iOS.framework in Frameworks */,
			);
			runOnlyForDeploymentPostprocessing = 0;
		};
		D7A13EDD1C10B2A800D1F963 /* Frameworks */ = {
			isa = PBXFrameworksBuildPhase;
			buildActionMask = 2147483647;
			files = (
			);
			runOnlyForDeploymentPostprocessing = 0;
		};
		D7A13EE81C10B2A800D1F963 /* Frameworks */ = {
			isa = PBXFrameworksBuildPhase;
			buildActionMask = 2147483647;
			files = (
			);
			runOnlyForDeploymentPostprocessing = 0;
		};
/* End PBXFrameworksBuildPhase section */

/* Begin PBXGroup section */
		568EA04450348CC9B4832043 /* Pods */ = {
			isa = PBXGroup;
			children = (
				FFEDAB4FBA6853B5EC919281 /* Pods-Zaikon_iOS.debug.xcconfig */,
				1AB8AF4184292E1D04BEDC74 /* Pods-Zaikon_iOS.release.xcconfig */,
			);
			name = Pods;
			sourceTree = "<group>";
		};
		D75CCA9A1C128F4300227B18 /* Model */ = {
			isa = PBXGroup;
			children = (
				D7F32C381C22D84100B64BB4 /* Category.swift */,
				D7F32C3C1C22DB4A00B64BB4 /* Goods.swift */,
				D7F32C401C22E6D500B64BB4 /* CategoryStocks.swift */,
				D77910061C251B04001F288B /* User.swift */,
			);
			name = Model;
			sourceTree = "<group>";
		};
		D75CCA9B1C128F4800227B18 /* View Controller */ = {
			isa = PBXGroup;
			children = (
				D79DE73D1C23D82400CC1C7E /* Login */,
				D79DE73E1C23D83800CC1C7E /* Index */,
				D79DE73F1C23D84600CC1C7E /* Show */,
			);
			name = "View Controller";
			sourceTree = "<group>";
		};
		D75CCA9C1C128F6200227B18 /* View */ = {
			isa = PBXGroup;
			children = (
				D7F32C3A1C22D9CB00B64BB4 /* CustomNavagationBar.swift */,
				D79DE7401C23D85700CC1C7E /* Login */,
				D79DE7411C23D87200CC1C7E /* Index */,
				D79DE7421C23D87800CC1C7E /* Show */,
			);
			name = View;
			sourceTree = "<group>";
		};
		D761DD3D1C21D090008C09CB /* Extension */ = {
			isa = PBXGroup;
			children = (
				D761DD3E1C21D0C6008C09CB /* UIColor+Extension.swift */,
				D7112C221C22C72900BFE40D /* String+Extensition.swift */,
				D7B2EAA51C24BBA300BC723D /* UIImageView+Extension.swift */,
				D707A9971C23486800BF1771 /* CAPSPageMenu+Extension.swift */,
				D77910571C25B8CB001F288B /* UIView+Extension.swift */,
			);
			name = Extension;
			sourceTree = "<group>";
		};
		D79DE73D1C23D82400CC1C7E /* Login */ = {
			isa = PBXGroup;
			children = (
				D7AF5EF91C17E99400FC20DF /* LoginViewController.swift */,
			);
			name = Login;
			sourceTree = "<group>";
		};
		D79DE73E1C23D83800CC1C7E /* Index */ = {
			isa = PBXGroup;
			children = (
				D7A13ED11C10B2A700D1F963 /* CategoryViewController.swift */,
				D7026AE61C2090AF00C14DEF /* GoodsCollectionViewController.swift */,
			);
			name = Index;
			sourceTree = "<group>";
		};
		D79DE73F1C23D84600CC1C7E /* Show */ = {
			isa = PBXGroup;
			children = (
				D79DE7431C23D91D00CC1C7E /* GoodsDetailViewController.swift */,
			);
			name = Show;
			sourceTree = "<group>";
		};
		D79DE7401C23D85700CC1C7E /* Login */ = {
			isa = PBXGroup;
			children = (
				D77910081C251C69001F288B /* LoginView.swift */,
				D779100A1C251CA0001F288B /* LoginView.xib */,
				D77910591C25CD45001F288B /* LoginViewForm.swift */,
				D779105D1C25CD8C001F288B /* LoginViewForm.xib */,
				D779105B1C25CD69001F288B /* SignUpViewForm.swift */,
				D779105F1C25CD9F001F288B /* SignUpViewForm.xib */,
			);
			name = Login;
			sourceTree = "<group>";
		};
		D79DE7411C23D87200CC1C7E /* Index */ = {
			isa = PBXGroup;
			children = (
				D7026AE41C208EDA00C14DEF /* CAPSPageMenu.swift */,
				D731DE9F1C211F0F000F3A24 /* GoodsCollectionView.swift */,
				D7D426271C15D5BA00EA6F07 /* GoodsCollectionViewCell.swift */,
			);
			name = Index;
			sourceTree = "<group>";
		};
		D79DE7421C23D87800CC1C7E /* Show */ = {
			isa = PBXGroup;
			children = (
				D79DE7371C23D73000CC1C7E /* GoodsDetailView.swift */,
				D79DE7391C23D73D00CC1C7E /* GoodsDetailView.xib */,
			);
			name = Show;
			sourceTree = "<group>";
		};
		D7A13EC31C10B2A700D1F963 = {
			isa = PBXGroup;
			children = (
				D7A13ECE1C10B2A700D1F963 /* Zaikon_iOS */,
				D7A13EE31C10B2A800D1F963 /* Zaikon_iOSTests */,
				D7A13EEE1C10B2A800D1F963 /* Zaikon_iOSUITests */,
				D7A13ECD1C10B2A700D1F963 /* Products */,
				568EA04450348CC9B4832043 /* Pods */,
				E937A59D37169D154F044A47 /* Frameworks */,
			);
			sourceTree = "<group>";
		};
		D7A13ECD1C10B2A700D1F963 /* Products */ = {
			isa = PBXGroup;
			children = (
				D7A13ECC1C10B2A700D1F963 /* Zaikon_iOS.app */,
				D7A13EE01C10B2A800D1F963 /* Zaikon_iOSTests.xctest */,
				D7A13EEB1C10B2A800D1F963 /* Zaikon_iOSUITests.xctest */,
			);
			name = Products;
			sourceTree = "<group>";
		};
		D7A13ECE1C10B2A700D1F963 /* Zaikon_iOS */ = {
			isa = PBXGroup;
			children = (
				D7A13ECF1C10B2A700D1F963 /* AppDelegate.swift */,
				D7A13ED31C10B2A700D1F963 /* Main.storyboard */,
				D77910551C2563FA001F288B /* SubGoods.storyboard */,
				D75CCA9A1C128F4300227B18 /* Model */,
				D75CCA9B1C128F4800227B18 /* View Controller */,
				D75CCA9C1C128F6200227B18 /* View */,
				D761DD3D1C21D090008C09CB /* Extension */,
				D7AFAEC91C15DBEC001C0063 /* image */,
				D7A13ED61C10B2A800D1F963 /* Assets.xcassets */,
				D7A13ED81C10B2A800D1F963 /* LaunchScreen.storyboard */,
				D7A13EDB1C10B2A800D1F963 /* Info.plist */,
			);
			path = Zaikon_iOS;
			sourceTree = "<group>";
		};
		D7A13EE31C10B2A800D1F963 /* Zaikon_iOSTests */ = {
			isa = PBXGroup;
			children = (
				D7A13EE41C10B2A800D1F963 /* Zaikon_iOSTests.swift */,
				D7A13EE61C10B2A800D1F963 /* Info.plist */,
			);
			path = Zaikon_iOSTests;
			sourceTree = "<group>";
		};
		D7A13EEE1C10B2A800D1F963 /* Zaikon_iOSUITests */ = {
			isa = PBXGroup;
			children = (
				D7A13EEF1C10B2A800D1F963 /* Zaikon_iOSUITests.swift */,
				D7A13EF11C10B2A800D1F963 /* Info.plist */,
			);
			path = Zaikon_iOSUITests;
			sourceTree = "<group>";
		};
		D7AFAEC91C15DBEC001C0063 /* image */ = {
			isa = PBXGroup;
			children = (
				D77910651C25D5DF001F288B /* PersonIcon.png */,
				D77910611C25D5CF001F288B /* KeyIcon.png */,
				D77910621C25D5CF001F288B /* MailIcon.png */,
				D7AF5EFF1C17EE0500FC20DF /* zaikon_icon.gif */,
				D7BF08781C1C2DF3005ABDFB /* akiko.jpg */,
			);
			name = image;
			sourceTree = "<group>";
		};
		E937A59D37169D154F044A47 /* Frameworks */ = {
			isa = PBXGroup;
			children = (
				1BE6468DECABD2921CEAB7B9 /* Pods_Zaikon_iOS.framework */,
			);
			name = Frameworks;
			sourceTree = "<group>";
		};
/* End PBXGroup section */

/* Begin PBXNativeTarget section */
		D7A13ECB1C10B2A700D1F963 /* Zaikon_iOS */ = {
			isa = PBXNativeTarget;
			buildConfigurationList = D7A13EF41C10B2A800D1F963 /* Build configuration list for PBXNativeTarget "Zaikon_iOS" */;
			buildPhases = (
				DEE0B93DD91F92E26292F0C5 /* Check Pods Manifest.lock */,
				D7A13EC81C10B2A700D1F963 /* Sources */,
				D7A13EC91C10B2A700D1F963 /* Frameworks */,
				D7A13ECA1C10B2A700D1F963 /* Resources */,
				51409CC729740C825D8263E7 /* Embed Pods Frameworks */,
				EA5A17E68C00C46EBB7AB841 /* Copy Pods Resources */,
			);
			buildRules = (
			);
			dependencies = (
			);
			name = Zaikon_iOS;
			productName = Zaikon_iOS;
			productReference = D7A13ECC1C10B2A700D1F963 /* Zaikon_iOS.app */;
			productType = "com.apple.product-type.application";
		};
		D7A13EDF1C10B2A800D1F963 /* Zaikon_iOSTests */ = {
			isa = PBXNativeTarget;
			buildConfigurationList = D7A13EF71C10B2A800D1F963 /* Build configuration list for PBXNativeTarget "Zaikon_iOSTests" */;
			buildPhases = (
				D7A13EDC1C10B2A800D1F963 /* Sources */,
				D7A13EDD1C10B2A800D1F963 /* Frameworks */,
				D7A13EDE1C10B2A800D1F963 /* Resources */,
			);
			buildRules = (
			);
			dependencies = (
				D7A13EE21C10B2A800D1F963 /* PBXTargetDependency */,
			);
			name = Zaikon_iOSTests;
			productName = Zaikon_iOSTests;
			productReference = D7A13EE01C10B2A800D1F963 /* Zaikon_iOSTests.xctest */;
			productType = "com.apple.product-type.bundle.unit-test";
		};
		D7A13EEA1C10B2A800D1F963 /* Zaikon_iOSUITests */ = {
			isa = PBXNativeTarget;
			buildConfigurationList = D7A13EFA1C10B2A800D1F963 /* Build configuration list for PBXNativeTarget "Zaikon_iOSUITests" */;
			buildPhases = (
				D7A13EE71C10B2A800D1F963 /* Sources */,
				D7A13EE81C10B2A800D1F963 /* Frameworks */,
				D7A13EE91C10B2A800D1F963 /* Resources */,
			);
			buildRules = (
			);
			dependencies = (
				D7A13EED1C10B2A800D1F963 /* PBXTargetDependency */,
			);
			name = Zaikon_iOSUITests;
			productName = Zaikon_iOSUITests;
			productReference = D7A13EEB1C10B2A800D1F963 /* Zaikon_iOSUITests.xctest */;
			productType = "com.apple.product-type.bundle.ui-testing";
		};
/* End PBXNativeTarget section */

/* Begin PBXProject section */
		D7A13EC41C10B2A700D1F963 /* Project object */ = {
			isa = PBXProject;
			attributes = {
				LastSwiftUpdateCheck = 0710;
				LastUpgradeCheck = 0710;
				ORGANIZATIONNAME = Tatsuki_Miura;
				TargetAttributes = {
					D7A13ECB1C10B2A700D1F963 = {
						CreatedOnToolsVersion = 7.1.1;
						DevelopmentTeam = THPQ6R3557;
					};
					D7A13EDF1C10B2A800D1F963 = {
						CreatedOnToolsVersion = 7.1.1;
						DevelopmentTeam = THPQ6R3557;
						TestTargetID = D7A13ECB1C10B2A700D1F963;
					};
					D7A13EEA1C10B2A800D1F963 = {
						CreatedOnToolsVersion = 7.1.1;
						DevelopmentTeam = THPQ6R3557;
						TestTargetID = D7A13ECB1C10B2A700D1F963;
					};
				};
			};
			buildConfigurationList = D7A13EC71C10B2A700D1F963 /* Build configuration list for PBXProject "Zaikon_iOS" */;
			compatibilityVersion = "Xcode 3.2";
			developmentRegion = English;
			hasScannedForEncodings = 0;
			knownRegions = (
				en,
				Base,
			);
			mainGroup = D7A13EC31C10B2A700D1F963;
			productRefGroup = D7A13ECD1C10B2A700D1F963 /* Products */;
			projectDirPath = "";
			projectRoot = "";
			targets = (
				D7A13ECB1C10B2A700D1F963 /* Zaikon_iOS */,
				D7A13EDF1C10B2A800D1F963 /* Zaikon_iOSTests */,
				D7A13EEA1C10B2A800D1F963 /* Zaikon_iOSUITests */,
			);
		};
/* End PBXProject section */

/* Begin PBXResourcesBuildPhase section */
		D7A13ECA1C10B2A700D1F963 /* Resources */ = {
			isa = PBXResourcesBuildPhase;
			buildActionMask = 2147483647;
			files = (
				D7A13EDA1C10B2A800D1F963 /* LaunchScreen.storyboard in Resources */,
				D779100B1C251CA0001F288B /* LoginView.xib in Resources */,
				D77910631C25D5CF001F288B /* KeyIcon.png in Resources */,
				D77910601C25CD9F001F288B /* SignUpViewForm.xib in Resources */,
				D7BF08791C1C2DF3005ABDFB /* akiko.jpg in Resources */,
				D77910561C2563FA001F288B /* SubGoods.storyboard in Resources */,
				D779105E1C25CD8C001F288B /* LoginViewForm.xib in Resources */,
				D77910641C25D5CF001F288B /* MailIcon.png in Resources */,
				D77910661C25D5DF001F288B /* PersonIcon.png in Resources */,
				D7A13ED71C10B2A800D1F963 /* Assets.xcassets in Resources */,
				D7A13ED51C10B2A700D1F963 /* Main.storyboard in Resources */,
				D79DE73A1C23D73D00CC1C7E /* GoodsDetailView.xib in Resources */,
				D7AF5F001C17EE0500FC20DF /* zaikon_icon.gif in Resources */,
			);
			runOnlyForDeploymentPostprocessing = 0;
		};
		D7A13EDE1C10B2A800D1F963 /* Resources */ = {
			isa = PBXResourcesBuildPhase;
			buildActionMask = 2147483647;
			files = (
			);
			runOnlyForDeploymentPostprocessing = 0;
		};
		D7A13EE91C10B2A800D1F963 /* Resources */ = {
			isa = PBXResourcesBuildPhase;
			buildActionMask = 2147483647;
			files = (
			);
			runOnlyForDeploymentPostprocessing = 0;
		};
/* End PBXResourcesBuildPhase section */

/* Begin PBXShellScriptBuildPhase section */
		51409CC729740C825D8263E7 /* Embed Pods Frameworks */ = {
			isa = PBXShellScriptBuildPhase;
			buildActionMask = 2147483647;
			files = (
			);
			inputPaths = (
			);
			name = "Embed Pods Frameworks";
			outputPaths = (
			);
			runOnlyForDeploymentPostprocessing = 0;
			shellPath = /bin/sh;
			shellScript = "\"${SRCROOT}/Pods/Target Support Files/Pods-Zaikon_iOS/Pods-Zaikon_iOS-frameworks.sh\"\n";
			showEnvVarsInLog = 0;
		};
		DEE0B93DD91F92E26292F0C5 /* Check Pods Manifest.lock */ = {
			isa = PBXShellScriptBuildPhase;
			buildActionMask = 2147483647;
			files = (
			);
			inputPaths = (
			);
			name = "Check Pods Manifest.lock";
			outputPaths = (
			);
			runOnlyForDeploymentPostprocessing = 0;
			shellPath = /bin/sh;
			shellScript = "diff \"${PODS_ROOT}/../Podfile.lock\" \"${PODS_ROOT}/Manifest.lock\" > /dev/null\nif [[ $? != 0 ]] ; then\n    cat << EOM\nerror: The sandbox is not in sync with the Podfile.lock. Run 'pod install' or update your CocoaPods installation.\nEOM\n    exit 1\nfi\n";
			showEnvVarsInLog = 0;
		};
		EA5A17E68C00C46EBB7AB841 /* Copy Pods Resources */ = {
			isa = PBXShellScriptBuildPhase;
			buildActionMask = 2147483647;
			files = (
			);
			inputPaths = (
			);
			name = "Copy Pods Resources";
			outputPaths = (
			);
			runOnlyForDeploymentPostprocessing = 0;
			shellPath = /bin/sh;
			shellScript = "\"${SRCROOT}/Pods/Target Support Files/Pods-Zaikon_iOS/Pods-Zaikon_iOS-resources.sh\"\n";
			showEnvVarsInLog = 0;
		};
/* End PBXShellScriptBuildPhase section */

/* Begin PBXSourcesBuildPhase section */
		D7A13EC81C10B2A700D1F963 /* Sources */ = {
			isa = PBXSourcesBuildPhase;
			buildActionMask = 2147483647;
			files = (
				D7AF5EFA1C17E99400FC20DF /* LoginViewController.swift in Sources */,
				D7F32C391C22D84100B64BB4 /* Category.swift in Sources */,
				D7F32C3D1C22DB4A00B64BB4 /* Goods.swift in Sources */,
				D707A9981C23486800BF1771 /* CAPSPageMenu+Extension.swift in Sources */,
				D7112C231C22C72900BFE40D /* String+Extensition.swift in Sources */,
				D779105A1C25CD45001F288B /* LoginViewForm.swift in Sources */,
				D731DEA01C211F0F000F3A24 /* GoodsCollectionView.swift in Sources */,
				D7026AE81C2090AF00C14DEF /* GoodsCollectionViewController.swift in Sources */,
				D7A13ED21C10B2A700D1F963 /* CategoryViewController.swift in Sources */,
				D79DE7441C23D91D00CC1C7E /* GoodsDetailViewController.swift in Sources */,
				D779105C1C25CD69001F288B /* SignUpViewForm.swift in Sources */,
				D7026AE51C208EDA00C14DEF /* CAPSPageMenu.swift in Sources */,
				D7F32C3B1C22D9CB00B64BB4 /* CustomNavagationBar.swift in Sources */,
				D79DE7381C23D73000CC1C7E /* GoodsDetailView.swift in Sources */,
				D761DD3F1C21D0C6008C09CB /* UIColor+Extension.swift in Sources */,
				D7D426291C15D5BA00EA6F07 /* GoodsCollectionViewCell.swift in Sources */,
				D77910071C251B04001F288B /* User.swift in Sources */,
				D7F32C411C22E6D500B64BB4 /* CategoryStocks.swift in Sources */,
				D77910091C251C69001F288B /* LoginView.swift in Sources */,
				D7B2EAA61C24BBA300BC723D /* UIImageView+Extension.swift in Sources */,
				D77910581C25B8CB001F288B /* UIView+Extension.swift in Sources */,
				D7A13ED01C10B2A700D1F963 /* AppDelegate.swift in Sources */,
			);
			runOnlyForDeploymentPostprocessing = 0;
		};
		D7A13EDC1C10B2A800D1F963 /* Sources */ = {
			isa = PBXSourcesBuildPhase;
			buildActionMask = 2147483647;
			files = (
				D7A13EE51C10B2A800D1F963 /* Zaikon_iOSTests.swift in Sources */,
			);
			runOnlyForDeploymentPostprocessing = 0;
		};
		D7A13EE71C10B2A800D1F963 /* Sources */ = {
			isa = PBXSourcesBuildPhase;
			buildActionMask = 2147483647;
			files = (
				D7A13EF01C10B2A800D1F963 /* Zaikon_iOSUITests.swift in Sources */,
			);
			runOnlyForDeploymentPostprocessing = 0;
		};
/* End PBXSourcesBuildPhase section */

/* Begin PBXTargetDependency section */
		D7A13EE21C10B2A800D1F963 /* PBXTargetDependency */ = {
			isa = PBXTargetDependency;
			target = D7A13ECB1C10B2A700D1F963 /* Zaikon_iOS */;
			targetProxy = D7A13EE11C10B2A800D1F963 /* PBXContainerItemProxy */;
		};
		D7A13EED1C10B2A800D1F963 /* PBXTargetDependency */ = {
			isa = PBXTargetDependency;
			target = D7A13ECB1C10B2A700D1F963 /* Zaikon_iOS */;
			targetProxy = D7A13EEC1C10B2A800D1F963 /* PBXContainerItemProxy */;
		};
/* End PBXTargetDependency section */

/* Begin PBXVariantGroup section */
		D7A13ED31C10B2A700D1F963 /* Main.storyboard */ = {
			isa = PBXVariantGroup;
			children = (
				D7A13ED41C10B2A700D1F963 /* Base */,
			);
			name = Main.storyboard;
			sourceTree = "<group>";
		};
		D7A13ED81C10B2A800D1F963 /* LaunchScreen.storyboard */ = {
			isa = PBXVariantGroup;
			children = (
				D7A13ED91C10B2A800D1F963 /* Base */,
			);
			name = LaunchScreen.storyboard;
			sourceTree = "<group>";
		};
/* End PBXVariantGroup section */

/* Begin XCBuildConfiguration section */
		D7A13EF21C10B2A800D1F963 /* Debug */ = {
			isa = XCBuildConfiguration;
			buildSettings = {
				ALWAYS_SEARCH_USER_PATHS = NO;
				CLANG_CXX_LANGUAGE_STANDARD = "gnu++0x";
				CLANG_CXX_LIBRARY = "libc++";
				CLANG_ENABLE_MODULES = YES;
				CLANG_ENABLE_OBJC_ARC = YES;
				CLANG_WARN_BOOL_CONVERSION = YES;
				CLANG_WARN_CONSTANT_CONVERSION = YES;
				CLANG_WARN_DIRECT_OBJC_ISA_USAGE = YES_ERROR;
				CLANG_WARN_EMPTY_BODY = YES;
				CLANG_WARN_ENUM_CONVERSION = YES;
				CLANG_WARN_INT_CONVERSION = YES;
				CLANG_WARN_OBJC_ROOT_CLASS = YES_ERROR;
				CLANG_WARN_UNREACHABLE_CODE = YES;
				CLANG_WARN__DUPLICATE_METHOD_MATCH = YES;
				"CODE_SIGN_IDENTITY[sdk=iphoneos*]" = "iPhone Developer";
				COPY_PHASE_STRIP = NO;
				DEBUG_INFORMATION_FORMAT = dwarf;
				ENABLE_STRICT_OBJC_MSGSEND = YES;
				ENABLE_TESTABILITY = YES;
				GCC_C_LANGUAGE_STANDARD = gnu99;
				GCC_DYNAMIC_NO_PIC = NO;
				GCC_NO_COMMON_BLOCKS = YES;
				GCC_OPTIMIZATION_LEVEL = 0;
				GCC_PREPROCESSOR_DEFINITIONS = (
					"DEBUG=1",
					"$(inherited)",
				);
				GCC_WARN_64_TO_32_BIT_CONVERSION = YES;
				GCC_WARN_ABOUT_RETURN_TYPE = YES_ERROR;
				GCC_WARN_UNDECLARED_SELECTOR = YES;
				GCC_WARN_UNINITIALIZED_AUTOS = YES_AGGRESSIVE;
				GCC_WARN_UNUSED_FUNCTION = YES;
				GCC_WARN_UNUSED_VARIABLE = YES;
				IPHONEOS_DEPLOYMENT_TARGET = 9.1;
				MTL_ENABLE_DEBUG_INFO = YES;
				ONLY_ACTIVE_ARCH = YES;
				SDKROOT = iphoneos;
				SWIFT_OPTIMIZATION_LEVEL = "-Onone";
			};
			name = Debug;
		};
		D7A13EF31C10B2A800D1F963 /* Release */ = {
			isa = XCBuildConfiguration;
			buildSettings = {
				ALWAYS_SEARCH_USER_PATHS = NO;
				CLANG_CXX_LANGUAGE_STANDARD = "gnu++0x";
				CLANG_CXX_LIBRARY = "libc++";
				CLANG_ENABLE_MODULES = YES;
				CLANG_ENABLE_OBJC_ARC = YES;
				CLANG_WARN_BOOL_CONVERSION = YES;
				CLANG_WARN_CONSTANT_CONVERSION = YES;
				CLANG_WARN_DIRECT_OBJC_ISA_USAGE = YES_ERROR;
				CLANG_WARN_EMPTY_BODY = YES;
				CLANG_WARN_ENUM_CONVERSION = YES;
				CLANG_WARN_INT_CONVERSION = YES;
				CLANG_WARN_OBJC_ROOT_CLASS = YES_ERROR;
				CLANG_WARN_UNREACHABLE_CODE = YES;
				CLANG_WARN__DUPLICATE_METHOD_MATCH = YES;
				"CODE_SIGN_IDENTITY[sdk=iphoneos*]" = "iPhone Developer";
				COPY_PHASE_STRIP = NO;
				DEBUG_INFORMATION_FORMAT = "dwarf-with-dsym";
				ENABLE_NS_ASSERTIONS = NO;
				ENABLE_STRICT_OBJC_MSGSEND = YES;
				GCC_C_LANGUAGE_STANDARD = gnu99;
				GCC_NO_COMMON_BLOCKS = YES;
				GCC_WARN_64_TO_32_BIT_CONVERSION = YES;
				GCC_WARN_ABOUT_RETURN_TYPE = YES_ERROR;
				GCC_WARN_UNDECLARED_SELECTOR = YES;
				GCC_WARN_UNINITIALIZED_AUTOS = YES_AGGRESSIVE;
				GCC_WARN_UNUSED_FUNCTION = YES;
				GCC_WARN_UNUSED_VARIABLE = YES;
				IPHONEOS_DEPLOYMENT_TARGET = 9.1;
				MTL_ENABLE_DEBUG_INFO = NO;
				SDKROOT = iphoneos;
				VALIDATE_PRODUCT = YES;
			};
			name = Release;
		};
		D7A13EF51C10B2A800D1F963 /* Debug */ = {
			isa = XCBuildConfiguration;
			baseConfigurationReference = FFEDAB4FBA6853B5EC919281 /* Pods-Zaikon_iOS.debug.xcconfig */;
			buildSettings = {
				ASSETCATALOG_COMPILER_APPICON_NAME = AppIcon;
				INFOPLIST_FILE = Zaikon_iOS/Info.plist;
				LD_RUNPATH_SEARCH_PATHS = "$(inherited) @executable_path/Frameworks";
				PRODUCT_BUNDLE_IDENTIFIER = "com.tatsuki.Zaikon-iOS";
				PRODUCT_NAME = "$(TARGET_NAME)";
			};
			name = Debug;
		};
		D7A13EF61C10B2A800D1F963 /* Release */ = {
			isa = XCBuildConfiguration;
			baseConfigurationReference = 1AB8AF4184292E1D04BEDC74 /* Pods-Zaikon_iOS.release.xcconfig */;
			buildSettings = {
				ASSETCATALOG_COMPILER_APPICON_NAME = AppIcon;
				INFOPLIST_FILE = Zaikon_iOS/Info.plist;
				LD_RUNPATH_SEARCH_PATHS = "$(inherited) @executable_path/Frameworks";
				PRODUCT_BUNDLE_IDENTIFIER = "com.tatsuki.Zaikon-iOS";
				PRODUCT_NAME = "$(TARGET_NAME)";
			};
			name = Release;
		};
		D7A13EF81C10B2A800D1F963 /* Debug */ = {
			isa = XCBuildConfiguration;
			buildSettings = {
				BUNDLE_LOADER = "$(TEST_HOST)";
				INFOPLIST_FILE = Zaikon_iOSTests/Info.plist;
				LD_RUNPATH_SEARCH_PATHS = "$(inherited) @executable_path/Frameworks @loader_path/Frameworks";
				PRODUCT_BUNDLE_IDENTIFIER = "com.tatsuki.Zaikon-iOSTests";
				PRODUCT_NAME = "$(TARGET_NAME)";
				TEST_HOST = "$(BUILT_PRODUCTS_DIR)/Zaikon_iOS.app/Zaikon_iOS";
			};
			name = Debug;
		};
		D7A13EF91C10B2A800D1F963 /* Release */ = {
			isa = XCBuildConfiguration;
			buildSettings = {
				BUNDLE_LOADER = "$(TEST_HOST)";
				INFOPLIST_FILE = Zaikon_iOSTests/Info.plist;
				LD_RUNPATH_SEARCH_PATHS = "$(inherited) @executable_path/Frameworks @loader_path/Frameworks";
				PRODUCT_BUNDLE_IDENTIFIER = "com.tatsuki.Zaikon-iOSTests";
				PRODUCT_NAME = "$(TARGET_NAME)";
				TEST_HOST = "$(BUILT_PRODUCTS_DIR)/Zaikon_iOS.app/Zaikon_iOS";
			};
			name = Release;
		};
		D7A13EFB1C10B2A800D1F963 /* Debug */ = {
			isa = XCBuildConfiguration;
			buildSettings = {
				INFOPLIST_FILE = Zaikon_iOSUITests/Info.plist;
				LD_RUNPATH_SEARCH_PATHS = "$(inherited) @executable_path/Frameworks @loader_path/Frameworks";
				PRODUCT_BUNDLE_IDENTIFIER = "com.tatsuki.Zaikon-iOSUITests";
				PRODUCT_NAME = "$(TARGET_NAME)";
				TEST_TARGET_NAME = Zaikon_iOS;
				USES_XCTRUNNER = YES;
			};
			name = Debug;
		};
		D7A13EFC1C10B2A800D1F963 /* Release */ = {
			isa = XCBuildConfiguration;
			buildSettings = {
				INFOPLIST_FILE = Zaikon_iOSUITests/Info.plist;
				LD_RUNPATH_SEARCH_PATHS = "$(inherited) @executable_path/Frameworks @loader_path/Frameworks";
				PRODUCT_BUNDLE_IDENTIFIER = "com.tatsuki.Zaikon-iOSUITests";
				PRODUCT_NAME = "$(TARGET_NAME)";
				TEST_TARGET_NAME = Zaikon_iOS;
				USES_XCTRUNNER = YES;
			};
			name = Release;
		};
/* End XCBuildConfiguration section */

/* Begin XCConfigurationList section */
		D7A13EC71C10B2A700D1F963 /* Build configuration list for PBXProject "Zaikon_iOS" */ = {
			isa = XCConfigurationList;
			buildConfigurations = (
				D7A13EF21C10B2A800D1F963 /* Debug */,
				D7A13EF31C10B2A800D1F963 /* Release */,
			);
			defaultConfigurationIsVisible = 0;
			defaultConfigurationName = Release;
		};
		D7A13EF41C10B2A800D1F963 /* Build configuration list for PBXNativeTarget "Zaikon_iOS" */ = {
			isa = XCConfigurationList;
			buildConfigurations = (
				D7A13EF51C10B2A800D1F963 /* Debug */,
				D7A13EF61C10B2A800D1F963 /* Release */,
			);
			defaultConfigurationIsVisible = 0;
			defaultConfigurationName = Release;
		};
		D7A13EF71C10B2A800D1F963 /* Build configuration list for PBXNativeTarget "Zaikon_iOSTests" */ = {
			isa = XCConfigurationList;
			buildConfigurations = (
				D7A13EF81C10B2A800D1F963 /* Debug */,
				D7A13EF91C10B2A800D1F963 /* Release */,
			);
			defaultConfigurationIsVisible = 0;
			defaultConfigurationName = Release;
		};
		D7A13EFA1C10B2A800D1F963 /* Build configuration list for PBXNativeTarget "Zaikon_iOSUITests" */ = {
			isa = XCConfigurationList;
			buildConfigurations = (
				D7A13EFB1C10B2A800D1F963 /* Debug */,
				D7A13EFC1C10B2A800D1F963 /* Release */,
			);
			defaultConfigurationIsVisible = 0;
			defaultConfigurationName = Release;
		};
/* End XCConfigurationList section */
	};
	rootObject = D7A13EC41C10B2A700D1F963 /* Project object */;
}
